
Microsoft Visual Studio Solution File, Format Version 12.00
# Visual Studio Version 17
VisualStudioVersion = 17.5.002.0
MinimumVisualStudioVersion = 10.0.40219.1
Project("{9A19103F-16F7-4668-BE54-9A1E7A4F7556}") = "OddEvenSort", "OddEvenSort.csproj", "{005E57A2-3DC5-479E-8CDC-D033D1AFD6DA}"
EndProject
Global
	GlobalSection(SolutionConfigurationPlatforms) = preSolution
		Debug|Any CPU = Debug|Any CPU
		Release|Any CPU = Release|Any CPU
	EndGlobalSection
	GlobalSection(ProjectConfigurationPlatforms) = postSolution
		{005E57A2-3DC5-479E-8CDC-D033D1AFD6DA}.Debug|Any CPU.ActiveCfg = Debug|Any CPU
		{005E57A2-3DC5-479E-8CDC-D033D1AFD6DA}.Debug|Any CPU.Build.0 = Debug|Any CPU
		{005E57A2-3DC5-479E-8CDC-D033D1AFD6DA}.Release|Any CPU.ActiveCfg = Release|Any CPU
		{005E57A2-3DC5-479E-8CDC-D033D1AFD6DA}.Release|Any CPU.Build.0 = Release|Any CPU
	EndGlobalSection
	GlobalSection(SolutionProperties) = preSolution
		HideSolutionNode = FALSE
	EndGlobalSection
	GlobalSection(ExtensibilityGlobals) = postSolution
		SolutionGuid = {73DD7972-9B8F-41FE-BE95-1F557703C106}
	EndGlobalSection
EndGlobal
