Microsoft Visual Studio Solution File, Format Version 12.00
# Visual Studio Version 17
VisualStudioVersion = 17.5.2.0
MinimumVisualStudioVersion = 10.0.40219.1
Project("{FAE04EC0-301F-11D3-BF4B-00C04F79EFBC}") = "AvlTree", "AvlTree.csproj", "{C1113278-E49D-B637-329C-2A17D7720218}"
EndProject
Global
	GlobalSection(SolutionConfigurationPlatforms) = preSolution
		Debug|Any CPU = Debug|Any CPU
		Release|Any CPU = Release|Any CPU
	EndGlobalSection
	GlobalSection(ProjectConfigurationPlatforms) = postSolution
		{C1113278-E49D-B637-329C-2A17D7720218}.Debug|Any CPU.ActiveCfg = Debug|Any CPU
		{C1113278-E49D-B637-329C-2A17D7720218}.Debug|Any CPU.Build.0 = Debug|Any CPU
		{C1113278-E49D-B637-329C-2A17D7720218}.Release|Any CPU.ActiveCfg = Release|Any CPU
		{C1113278-E49D-B637-329C-2A17D7720218}.Release|Any CPU.Build.0 = Release|Any CPU
	EndGlobalSection
	GlobalSection(SolutionProperties) = preSolution
		HideSolutionNode = FALSE
	EndGlobalSection
	GlobalSection(ExtensibilityGlobals) = postSolution
		SolutionGuid = {B943CE31-0E89-4AA9-9122-07E58F39D357}
	EndGlobalSection
EndGlobal
