
Microsoft Visual Studio Solution File, Format Version 12.00
# Visual Studio Version 17
VisualStudioVersion = 17.5.002.0
MinimumVisualStudioVersion = 10.0.40219.1
Project("{9A19103F-16F7-4668-BE54-9A1E7A4F7556}") = "Filas", "Filas.csproj", "{BF4E3AEA-D4FE-4EB5-95F8-1C9874EADEBA}"
EndProject
Global
	GlobalSection(SolutionConfigurationPlatforms) = preSolution
		Debug|Any CPU = Debug|Any CPU
		Release|Any CPU = Release|Any CPU
	EndGlobalSection
	GlobalSection(ProjectConfigurationPlatforms) = postSolution
		{BF4E3AEA-D4FE-4EB5-95F8-1C9874EADEBA}.Debug|Any CPU.ActiveCfg = Debug|Any CPU
		{BF4E3AEA-D4FE-4EB5-95F8-1C9874EADEBA}.Debug|Any CPU.Build.0 = Debug|Any CPU
		{BF4E3AEA-D4FE-4EB5-95F8-1C9874EADEBA}.Release|Any CPU.ActiveCfg = Release|Any CPU
		{BF4E3AEA-D4FE-4EB5-95F8-1C9874EADEBA}.Release|Any CPU.Build.0 = Release|Any CPU
	EndGlobalSection
	GlobalSection(SolutionProperties) = preSolution
		HideSolutionNode = FALSE
	EndGlobalSection
	GlobalSection(ExtensibilityGlobals) = postSolution
		SolutionGuid = {CE712652-35CC-427D-AFA5-9E003A6F6C56}
	EndGlobalSection
EndGlobal
