
Microsoft Visual Studio Solution File, Format Version 12.00
# Visual Studio Version 17
VisualStudioVersion = 17.5.002.0
MinimumVisualStudioVersion = 10.0.40219.1
Project("{9A19103F-16F7-4668-BE54-9A1E7A4F7556}") = "BubbleSort", "BubbleSort.csproj", "{67CD6262-3B39-4EE5-80C2-B4010BB17CA6}"
EndProject
Global
	GlobalSection(SolutionConfigurationPlatforms) = preSolution
		Debug|Any CPU = Debug|Any CPU
		Release|Any CPU = Release|Any CPU
	EndGlobalSection
	GlobalSection(ProjectConfigurationPlatforms) = postSolution
		{67CD6262-3B39-4EE5-80C2-B4010BB17CA6}.Debug|Any CPU.ActiveCfg = Debug|Any CPU
		{67CD6262-3B39-4EE5-80C2-B4010BB17CA6}.Debug|Any CPU.Build.0 = Debug|Any CPU
		{67CD6262-3B39-4EE5-80C2-B4010BB17CA6}.Release|Any CPU.ActiveCfg = Release|Any CPU
		{67CD6262-3B39-4EE5-80C2-B4010BB17CA6}.Release|Any CPU.Build.0 = Release|Any CPU
	EndGlobalSection
	GlobalSection(SolutionProperties) = preSolution
		HideSolutionNode = FALSE
	EndGlobalSection
	GlobalSection(ExtensibilityGlobals) = postSolution
		SolutionGuid = {C043945E-C90D-4E31-B63E-8BD0EA7414E3}
	EndGlobalSection
EndGlobal
