
Microsoft Visual Studio Solution File, Format Version 12.00
# Visual Studio Version 17
VisualStudioVersion = 17.5.002.0
MinimumVisualStudioVersion = 10.0.40219.1
Project("{9A19103F-16F7-4668-BE54-9A1E7A4F7556}") = "StackAtividade", "StackAtividade.csproj", "{198F62F9-BD2B-467E-9DD9-1D74E57FB55A}"
EndProject
Global
	GlobalSection(SolutionConfigurationPlatforms) = preSolution
		Debug|Any CPU = Debug|Any CPU
		Release|Any CPU = Release|Any CPU
	EndGlobalSection
	GlobalSection(ProjectConfigurationPlatforms) = postSolution
		{198F62F9-BD2B-467E-9DD9-1D74E57FB55A}.Debug|Any CPU.ActiveCfg = Debug|Any CPU
		{198F62F9-BD2B-467E-9DD9-1D74E57FB55A}.Debug|Any CPU.Build.0 = Debug|Any CPU
		{198F62F9-BD2B-467E-9DD9-1D74E57FB55A}.Release|Any CPU.ActiveCfg = Release|Any CPU
		{198F62F9-BD2B-467E-9DD9-1D74E57FB55A}.Release|Any CPU.Build.0 = Release|Any CPU
	EndGlobalSection
	GlobalSection(SolutionProperties) = preSolution
		HideSolutionNode = FALSE
	EndGlobalSection
	GlobalSection(ExtensibilityGlobals) = postSolution
		SolutionGuid = {032DF646-047F-4EDD-985A-88FB309B5BC4}
	EndGlobalSection
EndGlobal
