
Microsoft Visual Studio Solution File, Format Version 12.00
# Visual Studio Version 17
VisualStudioVersion = 17.5.002.0
MinimumVisualStudioVersion = 10.0.40219.1
Project("{9A19103F-16F7-4668-BE54-9A1E7A4F7556}") = "Lottery", "Lottery.csproj", "{3D2A2A05-A3F2-438B-9165-55B9FEBC6C8E}"
EndProject
Global
	GlobalSection(SolutionConfigurationPlatforms) = preSolution
		Debug|Any CPU = Debug|Any CPU
		Release|Any CPU = Release|Any CPU
	EndGlobalSection
	GlobalSection(ProjectConfigurationPlatforms) = postSolution
		{3D2A2A05-A3F2-438B-9165-55B9FEBC6C8E}.Debug|Any CPU.ActiveCfg = Debug|Any CPU
		{3D2A2A05-A3F2-438B-9165-55B9FEBC6C8E}.Debug|Any CPU.Build.0 = Debug|Any CPU
		{3D2A2A05-A3F2-438B-9165-55B9FEBC6C8E}.Release|Any CPU.ActiveCfg = Release|Any CPU
		{3D2A2A05-A3F2-438B-9165-55B9FEBC6C8E}.Release|Any CPU.Build.0 = Release|Any CPU
	EndGlobalSection
	GlobalSection(SolutionProperties) = preSolution
		HideSolutionNode = FALSE
	EndGlobalSection
	GlobalSection(ExtensibilityGlobals) = postSolution
		SolutionGuid = {E1337AB9-34FB-4A1F-9CDF-08A02978715A}
	EndGlobalSection
EndGlobal
