
Microsoft Visual Studio Solution File, Format Version 12.00
# Visual Studio Version 17
VisualStudioVersion = 17.5.002.0
MinimumVisualStudioVersion = 10.0.40219.1
Project("{9A19103F-16F7-4668-BE54-9A1E7A4F7556}") = "Tema01parte2", "Tema01parte2.csproj", "{0C0DE51A-5260-4505-B52D-B6C5D0835E61}"
EndProject
Global
	GlobalSection(SolutionConfigurationPlatforms) = preSolution
		Debug|Any CPU = Debug|Any CPU
		Release|Any CPU = Release|Any CPU
	EndGlobalSection
	GlobalSection(ProjectConfigurationPlatforms) = postSolution
		{0C0DE51A-5260-4505-B52D-B6C5D0835E61}.Debug|Any CPU.ActiveCfg = Debug|Any CPU
		{0C0DE51A-5260-4505-B52D-B6C5D0835E61}.Debug|Any CPU.Build.0 = Debug|Any CPU
		{0C0DE51A-5260-4505-B52D-B6C5D0835E61}.Release|Any CPU.ActiveCfg = Release|Any CPU
		{0C0DE51A-5260-4505-B52D-B6C5D0835E61}.Release|Any CPU.Build.0 = Release|Any CPU
	EndGlobalSection
	GlobalSection(SolutionProperties) = preSolution
		HideSolutionNode = FALSE
	EndGlobalSection
	GlobalSection(ExtensibilityGlobals) = postSolution
		SolutionGuid = {F2920215-F136-4A06-BBF0-21BE06456EE9}
	EndGlobalSection
EndGlobal
